
Microsoft Visual Studio Solution File, Format Version 12.00
# Visual Studio Version 17
VisualStudioVersion = 17.14.36202.13 d17.14
MinimumVisualStudioVersion = 10.0.40219.1
Project("{FAE04EC0-301F-11D3-BF4B-00C04F79EFBC}") = "GestorTareas", "GestorTareas\GestorTareas.csproj", "{365BE525-E347-4625-8AD5-71EC39CE6505}"
EndProject
Global
	GlobalSection(SolutionConfigurationPlatforms) = preSolution
		Debug|Any CPU = Debug|Any CPU
		Release|Any CPU = Release|Any CPU
	EndGlobalSection
	GlobalSection(ProjectConfigurationPlatforms) = postSolution
		{365BE525-E347-4625-8AD5-71EC39CE6505}.Debug|Any CPU.ActiveCfg = Debug|Any CPU
		{365BE525-E347-4625-8AD5-71EC39CE6505}.Debug|Any CPU.Build.0 = Debug|Any CPU
		{365BE525-E347-4625-8AD5-71EC39CE6505}.Release|Any CPU.ActiveCfg = Release|Any CPU
		{365BE525-E347-4625-8AD5-71EC39CE6505}.Release|Any CPU.Build.0 = Release|Any CPU
	EndGlobalSection
	GlobalSection(SolutionProperties) = preSolution
		HideSolutionNode = FALSE
	EndGlobalSection
	GlobalSection(ExtensibilityGlobals) = postSolution
		SolutionGuid = {94382E2C-DD55-43EA-A190-DA63F8526B3F}
	EndGlobalSection
EndGlobal
